Microsoft Visual Studio Solution File, Format Version 12.00
# Visual Studio Version 17
VisualStudioVersion = 17.5.2.0
MinimumVisualStudioVersion = 10.0.40219.1
Project("{FAE04EC0-301F-11D3-BF4B-00C04F79EFBC}") = "tinycity", "tinycity.csproj", "{0A2D3E74-B867-8B34-FE38-B3CD1F12D4E6}"
EndProject
Global
	GlobalSection(SolutionConfigurationPlatforms) = preSolution
		Debug|Any CPU = Debug|Any CPU
		Release|Any CPU = Release|Any CPU
	EndGlobalSection
	GlobalSection(ProjectConfigurationPlatforms) = postSolution
		{0A2D3E74-B867-8B34-FE38-B3CD1F12D4E6}.Debug|Any CPU.ActiveCfg = Debug|Any CPU
		{0A2D3E74-B867-8B34-FE38-B3CD1F12D4E6}.Debug|Any CPU.Build.0 = Debug|Any CPU
		{0A2D3E74-B867-8B34-FE38-B3CD1F12D4E6}.Release|Any CPU.ActiveCfg = Release|Any CPU
		{0A2D3E74-B867-8B34-FE38-B3CD1F12D4E6}.Release|Any CPU.Build.0 = Release|Any CPU
	EndGlobalSection
	GlobalSection(SolutionProperties) = preSolution
		HideSolutionNode = FALSE
	EndGlobalSection
	GlobalSection(ExtensibilityGlobals) = postSolution
		SolutionGuid = {F9E8ACBE-5176-478E-AA4E-FA48A67B4E54}
	EndGlobalSection
EndGlobal
